
Microsoft Visual Studio Solution File, Format Version 12.00
# Visual Studio Version 17
VisualStudioVersion = 17.4.33110.190
MinimumVisualStudioVersion = 10.0.40219.1
Project("{FAE04EC0-301F-11D3-BF4B-00C04F79EFBC}") = "Tic-Tac-Toe", "Tic-Tac-Toe\Tic-Tac-Toe.csproj", "{67817C43-3A30-4129-9938-81068A5F982E}"
EndProject
Global
	GlobalSection(SolutionConfigurationPlatforms) = preSolution
		Debug|Any CPU = Debug|Any CPU
		Release|Any CPU = Release|Any CPU
	EndGlobalSection
	GlobalSection(ProjectConfigurationPlatforms) = postSolution
		{67817C43-3A30-4129-9938-81068A5F982E}.Debug|Any CPU.ActiveCfg = Debug|Any CPU
		{67817C43-3A30-4129-9938-81068A5F982E}.Debug|Any CPU.Build.0 = Debug|Any CPU
		{67817C43-3A30-4129-9938-81068A5F982E}.Release|Any CPU.ActiveCfg = Release|Any CPU
		{67817C43-3A30-4129-9938-81068A5F982E}.Release|Any CPU.Build.0 = Release|Any CPU
	EndGlobalSection
	GlobalSection(SolutionProperties) = preSolution
		HideSolutionNode = FALSE
	EndGlobalSection
	GlobalSection(ExtensibilityGlobals) = postSolution
		SolutionGuid = {A5B08A9C-D4D2-4D6F-A621-4A4DA6950F74}
	EndGlobalSection
EndGlobal
