
Microsoft Visual Studio Solution File, Format Version 12.00
# Visual Studio Version 17
VisualStudioVersion = 17.3.32929.385
MinimumVisualStudioVersion = 10.0.40219.1
Project("{FAE04EC0-301F-11D3-BF4B-00C04F79EFBC}") = "Fucking around with enums", "Fucking around with enums\Fucking around with enums.csproj", "{43C3EF4E-D262-41F1-A3C3-4D77CFFEDAA8}"
EndProject
Global
	GlobalSection(SolutionConfigurationPlatforms) = preSolution
		Debug|Any CPU = Debug|Any CPU
		Release|Any CPU = Release|Any CPU
	EndGlobalSection
	GlobalSection(ProjectConfigurationPlatforms) = postSolution
		{43C3EF4E-D262-41F1-A3C3-4D77CFFEDAA8}.Debug|Any CPU.ActiveCfg = Debug|Any CPU
		{43C3EF4E-D262-41F1-A3C3-4D77CFFEDAA8}.Debug|Any CPU.Build.0 = Debug|Any CPU
		{43C3EF4E-D262-41F1-A3C3-4D77CFFEDAA8}.Release|Any CPU.ActiveCfg = Release|Any CPU
		{43C3EF4E-D262-41F1-A3C3-4D77CFFEDAA8}.Release|Any CPU.Build.0 = Release|Any CPU
	EndGlobalSection
	GlobalSection(SolutionProperties) = preSolution
		HideSolutionNode = FALSE
	EndGlobalSection
	GlobalSection(ExtensibilityGlobals) = postSolution
		SolutionGuid = {14B20A78-1D96-4A07-850F-D861D92CD01D}
	EndGlobalSection
EndGlobal
