
Microsoft Visual Studio Solution File, Format Version 12.00
# Visual Studio Version 17
VisualStudioVersion = 17.3.32929.385
MinimumVisualStudioVersion = 10.0.40219.1
Project("{FAE04EC0-301F-11D3-BF4B-00C04F79EFBC}") = "Fucking arround with vins arrow", "Fucking arround with vins arrow\Fucking arround with vins arrow.csproj", "{C6A35F10-D453-4B79-922C-4818A2C1A2FB}"
EndProject
Global
	GlobalSection(SolutionConfigurationPlatforms) = preSolution
		Debug|Any CPU = Debug|Any CPU
		Release|Any CPU = Release|Any CPU
	EndGlobalSection
	GlobalSection(ProjectConfigurationPlatforms) = postSolution
		{C6A35F10-D453-4B79-922C-4818A2C1A2FB}.Debug|Any CPU.ActiveCfg = Debug|Any CPU
		{C6A35F10-D453-4B79-922C-4818A2C1A2FB}.Debug|Any CPU.Build.0 = Debug|Any CPU
		{C6A35F10-D453-4B79-922C-4818A2C1A2FB}.Release|Any CPU.ActiveCfg = Release|Any CPU
		{C6A35F10-D453-4B79-922C-4818A2C1A2FB}.Release|Any CPU.Build.0 = Release|Any CPU
	EndGlobalSection
	GlobalSection(SolutionProperties) = preSolution
		HideSolutionNode = FALSE
	EndGlobalSection
	GlobalSection(ExtensibilityGlobals) = postSolution
		SolutionGuid = {B941F8CD-212E-45A9-A883-68DE5B43A49C}
	EndGlobalSection
EndGlobal
